
Microsoft Visual Studio Solution File, Format Version 12.00
# Visual Studio 15
VisualStudioVersion = 15.0.28307.645
MinimumVisualStudioVersion = 10.0.40219.1
Project("{FAE04EC0-301F-11D3-BF4B-00C04F79EFBC}") = "Paolo", "Brito\Paolo.csproj", "{84D52B1C-84EE-44E1-8554-114AE3298970}"
EndProject
Global
	GlobalSection(SolutionConfigurationPlatforms) = preSolution
		Debug|Any CPU = Debug|Any CPU
		Release|Any CPU = Release|Any CPU
	EndGlobalSection
	GlobalSection(ProjectConfigurationPlatforms) = postSolution
		{84D52B1C-84EE-44E1-8554-114AE3298970}.Debug|Any CPU.ActiveCfg = Debug|Any CPU
		{84D52B1C-84EE-44E1-8554-114AE3298970}.Debug|Any CPU.Build.0 = Debug|Any CPU
		{84D52B1C-84EE-44E1-8554-114AE3298970}.Release|Any CPU.ActiveCfg = Release|Any CPU
		{84D52B1C-84EE-44E1-8554-114AE3298970}.Release|Any CPU.Build.0 = Release|Any CPU
	EndGlobalSection
	GlobalSection(SolutionProperties) = preSolution
		HideSolutionNode = FALSE
	EndGlobalSection
	GlobalSection(ExtensibilityGlobals) = postSolution
		SolutionGuid = {828031C5-146B-4BF3-8809-31A46A50A5D6}
	EndGlobalSection
EndGlobal
